935b3d516e996f6d25948ba8a54c1b7f70f7f0e3f517e36481fdf0196c2c5cfc2841f86e891f3df9517746b7fb605db47cdded1b8ff78d9482ddaa621db43a34  build/deps/OldUnreal-UTPatch469d-Linux.tar.bz2
dda1dde2e632d64efb424e0eff70e017c4d3be9e5df7b5e6511d0b347fa8ef0458e406732f9063921277e673eddc333a6dc09ddb3a891831597a8c0cb6093b13  build/deps/ut-server-linux-436.tar.gz
