16d490de3771a64cfc44c4491bf23ecf4507caf5b394e0f12e2c011aa22c91fe266f94e2e5f42c3358825da04dfdd9e50d5abeea7425beeddc191d17ccd2c4fb  build/deps/OldUnreal-UTPatch469d-Linux-amd64.tar.bz2
dda1dde2e632d64efb424e0eff70e017c4d3be9e5df7b5e6511d0b347fa8ef0458e406732f9063921277e673eddc333a6dc09ddb3a891831597a8c0cb6093b13  build/deps/ut-server-linux-436.tar.gz
